
Microsoft Visual Studio Solution File, Format Version 12.00
# Visual Studio 15
VisualStudioVersion = 15.0.26730.16
MinimumVisualStudioVersion = 10.0.40219.1
Project("{FAE04EC0-301F-11D3-BF4B-00C04F79EFBC}") = "ConsoleApp3", "ConsoleApp3\ConsoleApp3.csproj", "{4466B15D-DFE7-4EA6-AF86-C19EA2440E37}"
EndProject
Global
	GlobalSection(SolutionConfigurationPlatforms) = preSolution
		Debug|Any CPU = Debug|Any CPU
		Release|Any CPU = Release|Any CPU
	EndGlobalSection
	GlobalSection(ProjectConfigurationPlatforms) = postSolution
		{4466B15D-DFE7-4EA6-AF86-C19EA2440E37}.Debug|Any CPU.ActiveCfg = Debug|Any CPU
		{4466B15D-DFE7-4EA6-AF86-C19EA2440E37}.Debug|Any CPU.Build.0 = Debug|Any CPU
		{4466B15D-DFE7-4EA6-AF86-C19EA2440E37}.Release|Any CPU.ActiveCfg = Release|Any CPU
		{4466B15D-DFE7-4EA6-AF86-C19EA2440E37}.Release|Any CPU.Build.0 = Release|Any CPU
	EndGlobalSection
	GlobalSection(SolutionProperties) = preSolution
		HideSolutionNode = FALSE
	EndGlobalSection
	GlobalSection(ExtensibilityGlobals) = postSolution
		SolutionGuid = {9FAC816A-F956-4093-9474-7128042E3F89}
	EndGlobalSection
EndGlobal
